
Microsoft Visual Studio Solution File, Format Version 12.00
# Visual Studio Version 17
VisualStudioVersion = 17.3.32929.385
MinimumVisualStudioVersion = 10.0.40219.1
Project("{FAE04EC0-301F-11D3-BF4B-00C04F79EFBC}") = "gitTesteArvore", "gitTesteArvore.csproj", "{A5EBF2BB-7C99-4884-8CAF-526B8964207F}"
EndProject
Global
	GlobalSection(SolutionConfigurationPlatforms) = preSolution
		Debug|Any CPU = Debug|Any CPU
		Release|Any CPU = Release|Any CPU
	EndGlobalSection
	GlobalSection(ProjectConfigurationPlatforms) = postSolution
		{A5EBF2BB-7C99-4884-8CAF-526B8964207F}.Debug|Any CPU.ActiveCfg = Debug|Any CPU
		{A5EBF2BB-7C99-4884-8CAF-526B8964207F}.Debug|Any CPU.Build.0 = Debug|Any CPU
		{A5EBF2BB-7C99-4884-8CAF-526B8964207F}.Release|Any CPU.ActiveCfg = Release|Any CPU
		{A5EBF2BB-7C99-4884-8CAF-526B8964207F}.Release|Any CPU.Build.0 = Release|Any CPU
	EndGlobalSection
	GlobalSection(SolutionProperties) = preSolution
		HideSolutionNode = FALSE
	EndGlobalSection
	GlobalSection(ExtensibilityGlobals) = postSolution
		SolutionGuid = {2D911D4C-0A29-4A63-A0E9-5588811B1F7C}
	EndGlobalSection
EndGlobal
